# THIS IS AN AUTOGENERATED FILE. DO NOT EDIT THIS FILE DIRECTLY.
# yarn lockfile v1


"@babel/runtime@^7.4.4":
  version "7.6.0"
  resolved "https://registry.yarnpkg.com/@babel/runtime/-/runtime-7.6.0.tgz#4fc1d642a9fd0299754e8b5de62c631cf5568205"
  integrity sha512-89eSBLJsxNxOERC0Op4vd+0Bqm6wRMqMbFtV3i0/fbaWw/mJ8Q3eBvgX0G4SyrOOLCtbu98HspF8o09MRT+KzQ==
  dependencies:
    regenerator-runtime "^0.13.2"

"@material-ui/icons@^4.4.1":
  version "4.4.1"
  resolved "https://registry.yarnpkg.com/@material-ui/icons/-/icons-4.4.1.tgz#a09d53275a5d73a77ee621f91c005a1793432df7"
  integrity sha512-ilo6rSgsI3B5L7s1H3tBS1x77sJqPql3QJDYzVi2TVluZLCTfRKjpbYYDUwolEAQC0MzXLjVbXHqJ97VeJqpmQ==
  dependencies:
    "@babel/runtime" "^7.4.4"

regenerator-runtime@^0.13.2:
  version "0.13.3"
  resolved "https://registry.yarnpkg.com/regenerator-runtime/-/regenerator-runtime-0.13.3.tgz#7cf6a77d8f5c6f60eb73c5fc1955b2ceb01e6bf5"
  integrity sha512-naKIZz2GQ8JWh///G7L3X6LaQUAMp2lvb1rvwwsURe/VXwD6VMfr+/1NuNw3ag8v2kY1aQ/go5SNn79O9JU7yw==
